// !$*UTF8*$!
{
	archiveVersion = 1;
	classes = {
	};
	objectVersion = 56;
	objects = {

/* Begin PBXBuildFile section */
		05AD299D3416ED19B05E1765 /* MASViewAttribute.m in Sources */ = {isa = PBXBuildFile; fileRef = 277479B8CC7BC59F1453B03F /* MASViewAttribute.m */; };
		1D1C935C304CA53B207208C8 /* ScrollPlaygroundController.mm in Sources */ = {isa = PBXBuildFile; fileRef = C41937AECF7451188C37FE8F /* ScrollPlaygroundController.mm */; };
		20664DC0CBF347790315BAE0 /* LayoutPlaygroundController.mm in Sources */ = {isa = PBXBuildFile; fileRef = DF0574A486EB77441F1CE9C5 /* LayoutPlaygroundController.mm */; };
		2C6277D2C2C79DDE1A5B25B8 /* NSArray+MASAdditions.m in Sources */ = {isa = PBXBuildFile; fileRef = D6681696E2D4C0753BE73727 /* NSArray+MASAdditions.m */; };
		4737FD5FA19996D4C62E377A /* LayoutPlaygroundView.mm in Sources */ = {isa = PBXBuildFile; fileRef = 243487F56E446232EECF8AFD /* LayoutPlaygroundView.mm */; };
		530AA0FD460D94294775EA35 /* ScrollPlaygroundView.mm in Sources */ = {isa = PBXBuildFile; fileRef = 0BD2F775C90294CA3B770BCC /* ScrollPlaygroundView.mm */; };
		6F64CF4121D4D9E293A21165 /* ListPlaygroundController.mm in Sources */ = {isa = PBXBuildFile; fileRef = F7E973D81AE8797E21A32A13 /* ListPlaygroundController.mm */; };
		7488E9BA4B0299E2ED929FD8 /* FreePlaygroundView.mm in Sources */ = {isa = PBXBuildFile; fileRef = 905FF2E33825E45C43BF60D1 /* FreePlaygroundView.mm */; };
		87EB424931F4D1D062CF9F20 /* MASCompositeConstraint.m in Sources */ = {isa = PBXBuildFile; fileRef = 64451E14CF54C8505867035A /* MASCompositeConstraint.m */; };
		9104B4F7FCF2B81E2A2D9046 /* MASConstraint.m in Sources */ = {isa = PBXBuildFile; fileRef = 62587903BD363922B72B84D1 /* MASConstraint.m */; };
		932DFC99B49C5607315DA2AC /* ViewController+MASAdditions.m in Sources */ = {isa = PBXBuildFile; fileRef = 9F715398374C5CEDC3A83FB1 /* ViewController+MASAdditions.m */; };
		A7D3D8BD5BFF2832A08347FB /* View+MASAdditions.m in Sources */ = {isa = PBXBuildFile; fileRef = 40B8D905BDFF06CC3AE2DE2A /* View+MASAdditions.m */; };
		AA000001 /* main.m in Sources */ = {isa = PBXBuildFile; fileRef = BB000001 /* main.m */; };
		AA000002 /* AppDelegate.mm in Sources */ = {isa = PBXBuildFile; fileRef = BB000003 /* AppDelegate.mm */; };
		AA000003 /* RootViewController.mm in Sources */ = {isa = PBXBuildFile; fileRef = BB000005 /* RootViewController.mm */; };
		AA000004 /* FreePlaygroundController.mm in Sources */ = {isa = PBXBuildFile; fileRef = BB000007 /* FreePlaygroundController.mm */; };
		AA000005 /* RootView.mm in Sources */ = {isa = PBXBuildFile; fileRef = BB000031 /* RootView.mm */; };
		AA000006 /* DataModel.cpp in Sources */ = {isa = PBXBuildFile; fileRef = BB000032 /* DataModel.cpp */; };
		AA000007 /* UIKitAdapter.mm in Sources */ = {isa = PBXBuildFile; fileRef = BB000020 /* UIKitAdapter.mm */; };
		AA000050 /* UIKitConformanceRunner.mm in Sources */ = {isa = PBXBuildFile; fileRef = BB000051 /* UIKitConformanceRunner.mm */; };
		AA000008 /* SceneDelegate.mm in Sources */ = {isa = PBXBuildFile; fileRef = BB000041 /* SceneDelegate.mm */; };
		AA000010 /* signal.cpp in Sources */ = {isa = PBXBuildFile; fileRef = BB000100 /* signal.cpp */; };
		AA000011 /* slot.cpp in Sources */ = {isa = PBXBuildFile; fileRef = BB000101 /* slot.cpp */; };
		AA000012 /* view_model.cpp in Sources */ = {isa = PBXBuildFile; fileRef = BB000102 /* view_model.cpp */; };
		AA000013 /* binding.cpp in Sources */ = {isa = PBXBuildFile; fileRef = BB000103 /* binding.cpp */; };
		AA000014 /* container.cpp in Sources */ = {isa = PBXBuildFile; fileRef = BB000104 /* container.cpp */; };
		AA000015 /* dispatcher.cpp in Sources */ = {isa = PBXBuildFile; fileRef = BB000105 /* dispatcher.cpp */; };
		AA000016 /* event_bus.cpp in Sources */ = {isa = PBXBuildFile; fileRef = BB000106 /* event_bus.cpp */; };
		AA000017 /* logger.cpp in Sources */ = {isa = PBXBuildFile; fileRef = BB000107 /* logger.cpp */; };
		AA000018 /* callback_boundary.cpp in Sources */ = {isa = PBXBuildFile; fileRef = BB000108 /* callback_boundary.cpp */; };
		AA000019 /* diagnostics_sink.cpp in Sources */ = {isa = PBXBuildFile; fileRef = BB000109 /* diagnostics_sink.cpp */; };
		AA00001A /* runtime_bootstrap.cpp in Sources */ = {isa = PBXBuildFile; fileRef = BB00010A /* runtime_bootstrap.cpp */; };
		ABDEAE1E7548968F463C1355 /* NSLayoutConstraint+MASDebugAdditions.m in Sources */ = {isa = PBXBuildFile; fileRef = CA47D238D6A2453F8C2679BA /* NSLayoutConstraint+MASDebugAdditions.m */; };
		C6BCC08BD0215762134D06C5 /* MASConstraintMaker.m in Sources */ = {isa = PBXBuildFile; fileRef = E5E333184F26A676B298F103 /* MASConstraintMaker.m */; };
		D20AEFE4594794FF90DA20B6 /* MASViewConstraint.m in Sources */ = {isa = PBXBuildFile; fileRef = A10FDCD288EE4CDBE9327574 /* MASViewConstraint.m */; };
		E185321103E88099302FC892 /* MASLayoutConstraint.m in Sources */ = {isa = PBXBuildFile; fileRef = 2054F21778BE6F8112207E21 /* MASLayoutConstraint.m */; };
		EA753F8BF85F6ABED6BE314A /* ListPlaygroundView.mm in Sources */ = {isa = PBXBuildFile; fileRef = 4DABDBA219D1C52641BB7F33 /* ListPlaygroundView.mm */; };
/* End PBXBuildFile section */

/* Begin PBXFileReference section */
		05A942657CA3FCA1E67C0A62 /* Masonry.h */ = {isa = PBXFileReference; includeInIndex = 1; lastKnownFileType = sourcecode.c.h; path = Masonry.h; sourceTree = "<group>"; };
		0BD2F775C90294CA3B770BCC /* ScrollPlaygroundView.mm */ = {isa = PBXFileReference; includeInIndex = 1; lastKnownFileType = sourcecode.cpp.objcpp; path = ScrollPlaygroundView.mm; sourceTree = "<group>"; };
		1925EB672C19EB2932CD889E /* ScrollPlaygroundView.h */ = {isa = PBXFileReference; includeInIndex = 1; lastKnownFileType = sourcecode.c.h; path = ScrollPlaygroundView.h; sourceTree = "<group>"; };
		1CB6D6385A6E192BE21B839D /* FreePlaygroundView.h */ = {isa = PBXFileReference; includeInIndex = 1; lastKnownFileType = sourcecode.c.h; path = FreePlaygroundView.h; sourceTree = "<group>"; };
		2054F21778BE6F8112207E21 /* MASLayoutConstraint.m */ = {isa = PBXFileReference; includeInIndex = 1; lastKnownFileType = sourcecode.c.objc; path = MASLayoutConstraint.m; sourceTree = "<group>"; };
		243487F56E446232EECF8AFD /* LayoutPlaygroundView.mm */ = {isa = PBXFileReference; includeInIndex = 1; lastKnownFileType = sourcecode.cpp.objcpp; path = LayoutPlaygroundView.mm; sourceTree = "<group>"; };
		26B7E249F4147AC58C5ADE11 /* NSArray+MASAdditions.h */ = {isa = PBXFileReference; includeInIndex = 1; lastKnownFileType = sourcecode.c.h; path = "NSArray+MASAdditions.h"; sourceTree = "<group>"; };
		277479B8CC7BC59F1453B03F /* MASViewAttribute.m */ = {isa = PBXFileReference; includeInIndex = 1; lastKnownFileType = sourcecode.c.objc; path = MASViewAttribute.m; sourceTree = "<group>"; };
		2837AABB25D5A14012F5E2CD /* MASConstraintMaker.h */ = {isa = PBXFileReference; includeInIndex = 1; lastKnownFileType = sourcecode.c.h; path = MASConstraintMaker.h; sourceTree = "<group>"; };
		2A8E054D942DA948CD4D76B0 /* LayoutPlaygroundController.h */ = {isa = PBXFileReference; includeInIndex = 1; lastKnownFileType = sourcecode.c.h; path = LayoutPlaygroundController.h; sourceTree = "<group>"; };
		3C02E89DD2FDB6554C1C4309 /* MASViewAttribute.h */ = {isa = PBXFileReference; includeInIndex = 1; lastKnownFileType = sourcecode.c.h; path = MASViewAttribute.h; sourceTree = "<group>"; };
		3EA4B955542FCBD89C206A96 /* View+MASAdditions.h */ = {isa = PBXFileReference; includeInIndex = 1; lastKnownFileType = sourcecode.c.h; path = "View+MASAdditions.h"; sourceTree = "<group>"; };
		40B8D905BDFF06CC3AE2DE2A /* View+MASAdditions.m */ = {isa = PBXFileReference; includeInIndex = 1; lastKnownFileType = sourcecode.c.objc; path = "View+MASAdditions.m"; sourceTree = "<group>"; };
		432E6A2FF68B6EEE81E4E49A /* MASCompositeConstraint.h */ = {isa = PBXFileReference; includeInIndex = 1; lastKnownFileType = sourcecode.c.h; path = MASCompositeConstraint.h; sourceTree = "<group>"; };
		4D9263351AE39C0DD7510E86 /* ListPlaygroundController.h */ = {isa = PBXFileReference; includeInIndex = 1; lastKnownFileType = sourcecode.c.h; path = ListPlaygroundController.h; sourceTree = "<group>"; };
		4DABDBA219D1C52641BB7F33 /* ListPlaygroundView.mm */ = {isa = PBXFileReference; includeInIndex = 1; lastKnownFileType = sourcecode.cpp.objcpp; path = ListPlaygroundView.mm; sourceTree = "<group>"; };
		612A3238979E048B0AE0C693 /* ListPlaygroundView.h */ = {isa = PBXFileReference; includeInIndex = 1; lastKnownFileType = sourcecode.c.h; path = ListPlaygroundView.h; sourceTree = "<group>"; };
		62587903BD363922B72B84D1 /* MASConstraint.m */ = {isa = PBXFileReference; includeInIndex = 1; lastKnownFileType = sourcecode.c.objc; path = MASConstraint.m; sourceTree = "<group>"; };
		64451E14CF54C8505867035A /* MASCompositeConstraint.m */ = {isa = PBXFileReference; includeInIndex = 1; lastKnownFileType = sourcecode.c.objc; path = MASCompositeConstraint.m; sourceTree = "<group>"; };
		6CB3BE3B09DDEA4EC461A4B5 /* MASLayoutConstraint.h */ = {isa = PBXFileReference; includeInIndex = 1; lastKnownFileType = sourcecode.c.h; path = MASLayoutConstraint.h; sourceTree = "<group>"; };
		6D02C9A1F747AEF80C031F67 /* MASViewConstraint.h */ = {isa = PBXFileReference; includeInIndex = 1; lastKnownFileType = sourcecode.c.h; path = MASViewConstraint.h; sourceTree = "<group>"; };
		7FC50424D9BDECB1F5B47DB9 /* View+MASShorthandAdditions.h */ = {isa = PBXFileReference; includeInIndex = 1; lastKnownFileType = sourcecode.c.h; path = "View+MASShorthandAdditions.h"; sourceTree = "<group>"; };
		905FF2E33825E45C43BF60D1 /* FreePlaygroundView.mm */ = {isa = PBXFileReference; includeInIndex = 1; lastKnownFileType = sourcecode.cpp.objcpp; path = FreePlaygroundView.mm; sourceTree = "<group>"; };
		9F715398374C5CEDC3A83FB1 /* ViewController+MASAdditions.m */ = {isa = PBXFileReference; includeInIndex = 1; lastKnownFileType = sourcecode.c.objc; path = "ViewController+MASAdditions.m"; sourceTree = "<group>"; };
		A10FDCD288EE4CDBE9327574 /* MASViewConstraint.m */ = {isa = PBXFileReference; includeInIndex = 1; lastKnownFileType = sourcecode.c.objc; path = MASViewConstraint.m; sourceTree = "<group>"; };
		A5A8DF8EE3C511B75223283C /* MASUtilities.h */ = {isa = PBXFileReference; includeInIndex = 1; lastKnownFileType = sourcecode.c.h; path = MASUtilities.h; sourceTree = "<group>"; };
		AC2D10EDCA7D2E4EF62B0965 /* ViewController+MASAdditions.h */ = {isa = PBXFileReference; includeInIndex = 1; lastKnownFileType = sourcecode.c.h; path = "ViewController+MASAdditions.h"; sourceTree = "<group>"; };
		AE7ACA7A59E002DD7A1E5426 /* NSArray+MASShorthandAdditions.h */ = {isa = PBXFileReference; includeInIndex = 1; lastKnownFileType = sourcecode.c.h; path = "NSArray+MASShorthandAdditions.h"; sourceTree = "<group>"; };
		B79AFE4517E7B40B94BEE0D3 /* MASConstraint+Private.h */ = {isa = PBXFileReference; includeInIndex = 1; lastKnownFileType = sourcecode.c.h; path = "MASConstraint+Private.h"; sourceTree = "<group>"; };
		BB000001 /* main.m */ = {isa = PBXFileReference; lastKnownFileType = sourcecode.c.objc; path = main.m; sourceTree = "<group>"; };
		BB000002 /* AppDelegate.h */ = {isa = PBXFileReference; lastKnownFileType = sourcecode.c.h; path = AppDelegate.h; sourceTree = "<group>"; };
		BB000003 /* AppDelegate.mm */ = {isa = PBXFileReference; lastKnownFileType = sourcecode.cpp.objcpp; path = AppDelegate.mm; sourceTree = "<group>"; };
		BB000004 /* RootViewController.h */ = {isa = PBXFileReference; lastKnownFileType = sourcecode.c.h; path = RootViewController.h; sourceTree = "<group>"; };
		BB000005 /* RootViewController.mm */ = {isa = PBXFileReference; lastKnownFileType = sourcecode.cpp.objcpp; path = RootViewController.mm; sourceTree = "<group>"; };
		BB000006 /* FreePlaygroundController.h */ = {isa = PBXFileReference; lastKnownFileType = sourcecode.c.h; path = FreePlaygroundController.h; sourceTree = "<group>"; };
		BB000007 /* FreePlaygroundController.mm */ = {isa = PBXFileReference; lastKnownFileType = sourcecode.cpp.objcpp; path = FreePlaygroundController.mm; sourceTree = "<group>"; };
		BB000008 /* MainViewModel.hpp */ = {isa = PBXFileReference; lastKnownFileType = sourcecode.cpp.h; path = MainViewModel.hpp; sourceTree = "<group>"; };
		BB000009 /* MainViewModel.h */ = {isa = PBXFileReference; lastKnownFileType = sourcecode.c.h; path = MainViewModel.h; sourceTree = "<group>"; };
		BB000011 /* DataModel.h */ = {isa = PBXFileReference; lastKnownFileType = sourcecode.c.h; path = DataModel.h; sourceTree = "<group>"; };
		BB000012 /* ios-oc-mvvm-Info.plist */ = {isa = PBXFileReference; lastKnownFileType = text.plist.xml; path = "ios-oc-mvvm-Info.plist"; sourceTree = "<group>"; };
		BB000013 /* ios-oc-mvvm.app */ = {isa = PBXFileReference; explicitFileType = wrapper.application; includeInIndex = 0; path = "ios-oc-mvvm.app"; sourceTree = BUILT_PRODUCTS_DIR; };
		BB000019 /* UIKitAdapter.hpp */ = {isa = PBXFileReference; lastKnownFileType = sourcecode.cpp.h; name = UIKitAdapter.hpp; path = ../../modules/adapters/uikit/include/aria/adapters/uikit/UIKitAdapter.hpp; sourceTree = SOURCE_ROOT; };
		BB000020 /* UIKitAdapter.mm */ = {isa = PBXFileReference; lastKnownFileType = sourcecode.cpp.objcpp; name = UIKitAdapter.mm; path = ../../modules/adapters/uikit/src/UIKitAdapter.mm; sourceTree = SOURCE_ROOT; };
		BB000050 /* UIKitConformanceRunner.h */ = {isa = PBXFileReference; lastKnownFileType = sourcecode.c.h; path = ios-oc-mvvm/Business/Conformance/UIKitConformanceRunner.h; sourceTree = SOURCE_ROOT; };
		BB000051 /* UIKitConformanceRunner.mm */ = {isa = PBXFileReference; lastKnownFileType = sourcecode.cpp.objcpp; path = ios-oc-mvvm/Business/Conformance/UIKitConformanceRunner.mm; sourceTree = SOURCE_ROOT; };
		BB000030 /* RootView.h */ = {isa = PBXFileReference; lastKnownFileType = sourcecode.c.h; path = RootView.h; sourceTree = "<group>"; };
		BB000031 /* RootView.mm */ = {isa = PBXFileReference; lastKnownFileType = sourcecode.cpp.objcpp; path = RootView.mm; sourceTree = "<group>"; };
		BB000032 /* DataModel.cpp */ = {isa = PBXFileReference; lastKnownFileType = sourcecode.cpp.cpp; path = DataModel.cpp; sourceTree = "<group>"; };
		BB000040 /* SceneDelegate.h */ = {isa = PBXFileReference; lastKnownFileType = sourcecode.c.h; path = SceneDelegate.h; sourceTree = "<group>"; };
		BB000041 /* SceneDelegate.mm */ = {isa = PBXFileReference; lastKnownFileType = sourcecode.cpp.objcpp; path = SceneDelegate.mm; sourceTree = "<group>"; };
		BB000100 /* signal.cpp */ = {isa = PBXFileReference; lastKnownFileType = sourcecode.cpp.cpp; name = signal.cpp; path = ../../modules/abi/src/signal.cpp; sourceTree = "<group>"; };
		BB000101 /* slot.cpp */ = {isa = PBXFileReference; lastKnownFileType = sourcecode.cpp.cpp; name = slot.cpp; path = ../../modules/abi/src/slot.cpp; sourceTree = "<group>"; };
		BB000102 /* view_model.cpp */ = {isa = PBXFileReference; lastKnownFileType = sourcecode.cpp.cpp; name = view_model.cpp; path = ../../modules/binding/src/view_model.cpp; sourceTree = "<group>"; };
		BB000103 /* binding.cpp */ = {isa = PBXFileReference; lastKnownFileType = sourcecode.cpp.cpp; name = binding.cpp; path = ../../modules/binding/src/binding.cpp; sourceTree = "<group>"; };
		BB000104 /* container.cpp */ = {isa = PBXFileReference; lastKnownFileType = sourcecode.cpp.cpp; name = container.cpp; path = ../../modules/runtime/src/container.cpp; sourceTree = "<group>"; };
		BB000105 /* dispatcher.cpp */ = {isa = PBXFileReference; lastKnownFileType = sourcecode.cpp.cpp; name = dispatcher.cpp; path = ../../modules/runtime/src/dispatcher.cpp; sourceTree = "<group>"; };
		BB000106 /* event_bus.cpp */ = {isa = PBXFileReference; lastKnownFileType = sourcecode.cpp.cpp; name = event_bus.cpp; path = ../../modules/runtime/src/event_bus.cpp; sourceTree = "<group>"; };
		BB000107 /* logger.cpp */ = {isa = PBXFileReference; lastKnownFileType = sourcecode.cpp.cpp; name = logger.cpp; path = ../../modules/runtime/src/logger.cpp; sourceTree = "<group>"; };
		BB000108 /* callback_boundary.cpp */ = {isa = PBXFileReference; lastKnownFileType = sourcecode.cpp.cpp; name = callback_boundary.cpp; path = ../../modules/abi/src/callback_boundary.cpp; sourceTree = "<group>"; };
		BB000109 /* diagnostics_sink.cpp */ = {isa = PBXFileReference; lastKnownFileType = sourcecode.cpp.cpp; name = diagnostics_sink.cpp; path = ../../modules/runtime/src/diagnostics_sink.cpp; sourceTree = "<group>"; };
		BB00010A /* runtime_bootstrap.cpp */ = {isa = PBXFileReference; lastKnownFileType = sourcecode.cpp.cpp; name = runtime_bootstrap.cpp; path = ../../modules/runtime/src/runtime_bootstrap.cpp; sourceTree = "<group>"; };
		C41937AECF7451188C37FE8F /* ScrollPlaygroundController.mm */ = {isa = PBXFileReference; includeInIndex = 1; lastKnownFileType = sourcecode.cpp.objcpp; path = ScrollPlaygroundController.mm; sourceTree = "<group>"; };
		CA47D238D6A2453F8C2679BA /* NSLayoutConstraint+MASDebugAdditions.m */ = {isa = PBXFileReference; includeInIndex = 1; lastKnownFileType = sourcecode.c.objc; path = "NSLayoutConstraint+MASDebugAdditions.m"; sourceTree = "<group>"; };
		CEAAAC0F8B342C768D90D932 /* LayoutPlaygroundView.h */ = {isa = PBXFileReference; includeInIndex = 1; lastKnownFileType = sourcecode.c.h; path = LayoutPlaygroundView.h; sourceTree = "<group>"; };
		D638AB3A6569DC3267D339ED /* NSLayoutConstraint+MASDebugAdditions.h */ = {isa = PBXFileReference; includeInIndex = 1; lastKnownFileType = sourcecode.c.h; path = "NSLayoutConstraint+MASDebugAdditions.h"; sourceTree = "<group>"; };
		D6681696E2D4C0753BE73727 /* NSArray+MASAdditions.m */ = {isa = PBXFileReference; includeInIndex = 1; lastKnownFileType = sourcecode.c.objc; path = "NSArray+MASAdditions.m"; sourceTree = "<group>"; };
		DF0574A486EB77441F1CE9C5 /* LayoutPlaygroundController.mm */ = {isa = PBXFileReference; includeInIndex = 1; lastKnownFileType = sourcecode.cpp.objcpp; path = LayoutPlaygroundController.mm; sourceTree = "<group>"; };
		E3A810BDC012A80724417CBF /* MASConstraint.h */ = {isa = PBXFileReference; includeInIndex = 1; lastKnownFileType = sourcecode.c.h; path = MASConstraint.h; sourceTree = "<group>"; };
		E5E333184F26A676B298F103 /* MASConstraintMaker.m */ = {isa = PBXFileReference; includeInIndex = 1; lastKnownFileType = sourcecode.c.objc; path = MASConstraintMaker.m; sourceTree = "<group>"; };
		F36189D40DB22AE078EF80C8 /* ScrollPlaygroundController.h */ = {isa = PBXFileReference; includeInIndex = 1; lastKnownFileType = sourcecode.c.h; path = ScrollPlaygroundController.h; sourceTree = "<group>"; };
		F7E973D81AE8797E21A32A13 /* ListPlaygroundController.mm */ = {isa = PBXFileReference; includeInIndex = 1; lastKnownFileType = sourcecode.cpp.objcpp; path = ListPlaygroundController.mm; sourceTree = "<group>"; };
/* End PBXFileReference section */

/* Begin PBXFrameworksBuildPhase section */
		CC000001 /* Frameworks */ = {
			isa = PBXFrameworksBuildPhase;
			buildActionMask = 2147483647;
			files = (
			);
			runOnlyForDeploymentPostprocessing = 0;
		};
/* End PBXFrameworksBuildPhase section */

/* Begin PBXGroup section */
		1E63B0EA0948CA9879378BC7 /* Masonry */ = {
			isa = PBXGroup;
			children = (
				432E6A2FF68B6EEE81E4E49A /* MASCompositeConstraint.h */,
				B79AFE4517E7B40B94BEE0D3 /* MASConstraint+Private.h */,
				E3A810BDC012A80724417CBF /* MASConstraint.h */,
				2837AABB25D5A14012F5E2CD /* MASConstraintMaker.h */,
				6CB3BE3B09DDEA4EC461A4B5 /* MASLayoutConstraint.h */,
				A5A8DF8EE3C511B75223283C /* MASUtilities.h */,
				3C02E89DD2FDB6554C1C4309 /* MASViewAttribute.h */,
				6D02C9A1F747AEF80C031F67 /* MASViewConstraint.h */,
				05A942657CA3FCA1E67C0A62 /* Masonry.h */,
				26B7E249F4147AC58C5ADE11 /* NSArray+MASAdditions.h */,
				AE7ACA7A59E002DD7A1E5426 /* NSArray+MASShorthandAdditions.h */,
				D638AB3A6569DC3267D339ED /* NSLayoutConstraint+MASDebugAdditions.h */,
				3EA4B955542FCBD89C206A96 /* View+MASAdditions.h */,
				7FC50424D9BDECB1F5B47DB9 /* View+MASShorthandAdditions.h */,
				AC2D10EDCA7D2E4EF62B0965 /* ViewController+MASAdditions.h */,
				64451E14CF54C8505867035A /* MASCompositeConstraint.m */,
				62587903BD363922B72B84D1 /* MASConstraint.m */,
				E5E333184F26A676B298F103 /* MASConstraintMaker.m */,
				2054F21778BE6F8112207E21 /* MASLayoutConstraint.m */,
				277479B8CC7BC59F1453B03F /* MASViewAttribute.m */,
				A10FDCD288EE4CDBE9327574 /* MASViewConstraint.m */,
				D6681696E2D4C0753BE73727 /* NSArray+MASAdditions.m */,
				CA47D238D6A2453F8C2679BA /* NSLayoutConstraint+MASDebugAdditions.m */,
				40B8D905BDFF06CC3AE2DE2A /* View+MASAdditions.m */,
				9F715398374C5CEDC3A83FB1 /* ViewController+MASAdditions.m */,
			);
			name = Masonry;
			path = Masonry;
			sourceTree = "<group>";
		};
		8409E95AC305DE0F0AAEFC8B /* ThirdParty */ = {
			isa = PBXGroup;
			children = (
				1E63B0EA0948CA9879378BC7 /* Masonry */,
			);
			name = ThirdParty;
			path = ThirdParty;
			sourceTree = "<group>";
		};
		DD000001 = {
			isa = PBXGroup;
			children = (
				DD000010 /* ios-oc-mvvm */,
				DD000040 /* AriaCore */,
				DD000004 /* Products */,
				DD000005 /* Frameworks */,
			);
			sourceTree = "<group>";
		};
		DD000002 /* App */ = {
			isa = PBXGroup;
			children = (
				BB000001 /* main.m */,
				BB000002 /* AppDelegate.h */,
				BB000003 /* AppDelegate.mm */,
				BB000040 /* SceneDelegate.h */,
				BB000041 /* SceneDelegate.mm */,
			);
			path = App;
			sourceTree = "<group>";
		};
		DD000003 /* Business */ = {
			isa = PBXGroup;
			children = (
				DD000020 /* Root */,
				DD000030 /* Playground */,
			);
			path = Business;
			sourceTree = "<group>";
		};
		DD000004 /* Products */ = {
			isa = PBXGroup;
			children = (
				BB000013 /* ios-oc-mvvm.app */,
			);
			name = Products;
			sourceTree = "<group>";
		};
		DD000005 /* Frameworks */ = {
			isa = PBXGroup;
			children = (
			);
			name = Frameworks;
			sourceTree = "<group>";
		};
		DD000010 /* ios-oc-mvvm */ = {
			isa = PBXGroup;
			children = (
				DD000002 /* App */,
				DD000003 /* Business */,
				DD000011 /* Adapter */,
				BB000012 /* ios-oc-mvvm-Info.plist */,
				8409E95AC305DE0F0AAEFC8B /* ThirdParty */,
			);
			path = "ios-oc-mvvm";
			sourceTree = "<group>";
		};
		DD000011 /* Adapter */ = {
			isa = PBXGroup;
			children = (
							BB000019 /* UIKitAdapter.hpp */,
							BB000020 /* UIKitAdapter.mm */,
							BB000050 /* UIKitConformanceRunner.h */,
							BB000051 /* UIKitConformanceRunner.mm */,
			);
			path = Adapter;
			sourceTree = "<group>";
		};
		DD000020 /* Root */ = {
			isa = PBXGroup;
			children = (
				DD000021 /* Views */,
				DD000022 /* ViewModels */,
				DD000023 /* Models */,
			);
			path = Root;
			sourceTree = "<group>";
		};
		DD000021 /* Views */ = {
			isa = PBXGroup;
			children = (
				BB000004 /* RootViewController.h */,
				BB000005 /* RootViewController.mm */,
				BB000030 /* RootView.h */,
				BB000031 /* RootView.mm */,
			);
			path = Views;
			sourceTree = "<group>";
		};
		DD000022 /* ViewModels */ = {
			isa = PBXGroup;
			children = (
				BB000009 /* MainViewModel.h */,
				BB000008 /* MainViewModel.hpp */,
			);
			path = ViewModels;
			sourceTree = "<group>";
		};
		DD000023 /* Models */ = {
			isa = PBXGroup;
			children = (
				BB000011 /* DataModel.h */,
				BB000032 /* DataModel.cpp */,
			);
			path = Models;
			sourceTree = "<group>";
		};
		DD000030 /* Playground */ = {
			isa = PBXGroup;
			children = (
				DD000031 /* Views */,
			);
			path = Playground;
			sourceTree = "<group>";
		};
		DD000031 /* Views */ = {
			isa = PBXGroup;
			children = (
				BB000006 /* FreePlaygroundController.h */,
				BB000007 /* FreePlaygroundController.mm */,
				2A8E054D942DA948CD4D76B0 /* LayoutPlaygroundController.h */,
				4D9263351AE39C0DD7510E86 /* ListPlaygroundController.h */,
				DF0574A486EB77441F1CE9C5 /* LayoutPlaygroundController.mm */,
				F7E973D81AE8797E21A32A13 /* ListPlaygroundController.mm */,
				1CB6D6385A6E192BE21B839D /* FreePlaygroundView.h */,
				CEAAAC0F8B342C768D90D932 /* LayoutPlaygroundView.h */,
				243487F56E446232EECF8AFD /* LayoutPlaygroundView.mm */,
				905FF2E33825E45C43BF60D1 /* FreePlaygroundView.mm */,
				612A3238979E048B0AE0C693 /* ListPlaygroundView.h */,
				4DABDBA219D1C52641BB7F33 /* ListPlaygroundView.mm */,
				1925EB672C19EB2932CD889E /* ScrollPlaygroundView.h */,
				0BD2F775C90294CA3B770BCC /* ScrollPlaygroundView.mm */,
				F36189D40DB22AE078EF80C8 /* ScrollPlaygroundController.h */,
				C41937AECF7451188C37FE8F /* ScrollPlaygroundController.mm */,
			);
			path = Views;
			sourceTree = "<group>";
		};
		DD000040 /* AriaCore */ = {
			isa = PBXGroup;
			children = (
				BB000100 /* signal.cpp */,
				BB000101 /* slot.cpp */,
				BB000102 /* view_model.cpp */,
				BB000103 /* binding.cpp */,
				BB000104 /* container.cpp */,
				BB000105 /* dispatcher.cpp */,
				BB000106 /* event_bus.cpp */,
				BB000107 /* logger.cpp */,
				BB000108 /* callback_boundary.cpp */,
				BB000109 /* diagnostics_sink.cpp */,
				BB00010A /* runtime_bootstrap.cpp */,
			);
			name = AriaCore;
			sourceTree = "<group>";
		};
/* End PBXGroup section */

/* Begin PBXNativeTarget section */
		EE000001 /* ios-oc-mvvm */ = {
			isa = PBXNativeTarget;
			buildConfigurationList = FF000003 /* Build configuration list for PBXNativeTarget "ios-oc-mvvm" */;
			buildPhases = (
				CC000002 /* Sources */,
				CC000001 /* Frameworks */,
				CC000003 /* Resources */,
			);
			buildRules = (
			);
			dependencies = (
			);
			name = "ios-oc-mvvm";
			productName = "ios-oc-mvvm";
			productReference = BB000013 /* ios-oc-mvvm.app */;
			productType = "com.apple.product-type.application";
		};
/* End PBXNativeTarget section */

/* Begin PBXProject section */
		EE000000 /* Project object */ = {
			isa = PBXProject;
			attributes = {
				BuildIndependentTargetsInParallel = 1;
				LastSwiftUpdateCheck = 1500;
				LastUpgradeCheck = 1500;
				TargetAttributes = {
					EE000001 = {
						CreatedOnToolsVersion = 15.0;
					};
				};
			};
			buildConfigurationList = FF000002 /* Build configuration list for PBXProject "ios-oc-mvvm" */;
			compatibilityVersion = "Xcode 14.0";
			developmentRegion = en;
			hasScannedForEncodings = 0;
			knownRegions = (
				en,
				Base,
			);
			mainGroup = DD000001;
			productRefGroup = DD000004 /* Products */;
			projectDirPath = "";
			projectRoot = "";
			targets = (
				EE000001 /* ios-oc-mvvm */,
			);
		};
/* End PBXProject section */

/* Begin PBXResourcesBuildPhase section */
		CC000003 /* Resources */ = {
			isa = PBXResourcesBuildPhase;
			buildActionMask = 2147483647;
			files = (
			);
			runOnlyForDeploymentPostprocessing = 0;
		};
/* End PBXResourcesBuildPhase section */

/* Begin PBXSourcesBuildPhase section */
		CC000002 /* Sources */ = {
			isa = PBXSourcesBuildPhase;
			buildActionMask = 2147483647;
			files = (
				AA000001 /* main.m in Sources */,
				AA000002 /* AppDelegate.mm in Sources */,
				AA000008 /* SceneDelegate.mm in Sources */,
				AA000003 /* RootViewController.mm in Sources */,
				AA000005 /* RootView.mm in Sources */,
				AA000004 /* FreePlaygroundController.mm in Sources */,
				AA000006 /* DataModel.cpp in Sources */,
							AA000007 /* UIKitAdapter.mm in Sources */,
							AA000050 /* UIKitConformanceRunner.mm in Sources */,
				AA000010 /* signal.cpp in Sources */,
				AA000011 /* slot.cpp in Sources */,
				AA000012 /* view_model.cpp in Sources */,
				AA000013 /* binding.cpp in Sources */,
				AA000014 /* container.cpp in Sources */,
				AA000015 /* dispatcher.cpp in Sources */,
				AA000016 /* event_bus.cpp in Sources */,
				AA000017 /* logger.cpp in Sources */,
				AA000018 /* callback_boundary.cpp in Sources */,
				AA000019 /* diagnostics_sink.cpp in Sources */,
				AA00001A /* runtime_bootstrap.cpp in Sources */,
				87EB424931F4D1D062CF9F20 /* MASCompositeConstraint.m in Sources */,
				9104B4F7FCF2B81E2A2D9046 /* MASConstraint.m in Sources */,
				C6BCC08BD0215762134D06C5 /* MASConstraintMaker.m in Sources */,
				E185321103E88099302FC892 /* MASLayoutConstraint.m in Sources */,
				05AD299D3416ED19B05E1765 /* MASViewAttribute.m in Sources */,
				D20AEFE4594794FF90DA20B6 /* MASViewConstraint.m in Sources */,
				2C6277D2C2C79DDE1A5B25B8 /* NSArray+MASAdditions.m in Sources */,
				ABDEAE1E7548968F463C1355 /* NSLayoutConstraint+MASDebugAdditions.m in Sources */,
				A7D3D8BD5BFF2832A08347FB /* View+MASAdditions.m in Sources */,
				932DFC99B49C5607315DA2AC /* ViewController+MASAdditions.m in Sources */,
				20664DC0CBF347790315BAE0 /* LayoutPlaygroundController.mm in Sources */,
				6F64CF4121D4D9E293A21165 /* ListPlaygroundController.mm in Sources */,
				4737FD5FA19996D4C62E377A /* LayoutPlaygroundView.mm in Sources */,
				7488E9BA4B0299E2ED929FD8 /* FreePlaygroundView.mm in Sources */,
				EA753F8BF85F6ABED6BE314A /* ListPlaygroundView.mm in Sources */,
				530AA0FD460D94294775EA35 /* ScrollPlaygroundView.mm in Sources */,
				1D1C935C304CA53B207208C8 /* ScrollPlaygroundController.mm in Sources */,
			);
			runOnlyForDeploymentPostprocessing = 0;
		};
/* End PBXSourcesBuildPhase section */

/* Begin XCBuildConfiguration section */
		FF000001 /* Debug */ = {
			isa = XCBuildConfiguration;
			buildSettings = {
				ALWAYS_SEARCH_USER_PATHS = NO;
				CLANG_ANALYZER_NONNULL = YES;
				CLANG_CXX_LANGUAGE_STANDARD = "gnu++20";
				CLANG_CXX_LIBRARY = "libc++";
				CLANG_ENABLE_MODULES = YES;
				CLANG_ENABLE_OBJC_ARC = YES;
				COPY_PHASE_STRIP = NO;
				DEBUG_INFORMATION_FORMAT = dwarf;
				ENABLE_STRICT_OBJC_MSGSEND = YES;
				GCC_DYNAMIC_NO_PIC = NO;
				GCC_NO_COMMON_BLOCKS = YES;
				GCC_OPTIMIZATION_LEVEL = 0;
				GCC_PREPROCESSOR_DEFINITIONS = (
					"DEBUG=1",
					"ARIA_ABI_STATIC=1",
					"ARIA_BINDING_STATIC=1",
					"ARIA_BINDING_BUILD=1",
					"ARIA_RUNTIME_STATIC=1",
					"$(inherited)",
				);
				GCC_WARN_64_TO_32_BIT_CONVERSION = YES;
				GCC_WARN_ABOUT_RETURN_TYPE = YES_ERROR;
				GCC_WARN_UNDECLARED_SELECTOR = YES;
				GCC_WARN_UNINITIALIZED_AUTOS = YES_AGGRESSIVE;
				GCC_WARN_UNUSED_FUNCTION = YES;
				GCC_WARN_UNUSED_VARIABLE = YES;
				HEADER_SEARCH_PATHS = (
					"$(inherited)",
					"$(SRCROOT)/ios-oc-mvvm/App",
					"$(SRCROOT)/ios-oc-mvvm/Adapter",
					"$(SRCROOT)/../../modules/adapters/uikit/include/aria/adapters/uikit",
					"$(SRCROOT)/ios-oc-mvvm/Business/Root/Views",
					"$(SRCROOT)/ios-oc-mvvm/Business/Root/ViewModels",
					"$(SRCROOT)/ios-oc-mvvm/Business/Root/Models",
					"$(SRCROOT)/ios-oc-mvvm/Business/Playground/Views",
					"$(SRCROOT)/../../modules/core/include",
					"$(SRCROOT)/../../modules/abi/include",
					"$(SRCROOT)/../../modules/binding/include",
					"$(SRCROOT)/../../modules/runtime/include",
					"$(SRCROOT)/../../modules/async/include",
				);
				IPHONEOS_DEPLOYMENT_TARGET = 16.0;
				MTL_ENABLE_DEBUG_INFO = INCLUDE_SOURCE;
				MTL_FAST_MATH = YES;
				ONLY_ACTIVE_ARCH = YES;
				SDKROOT = iphoneos;
				SUPPORTED_PLATFORMS = "iphoneos iphonesimulator";
				TARGETED_DEVICE_FAMILY = "1,2";
			};
			name = Debug;
		};
		FF000004 /* Release */ = {
			isa = XCBuildConfiguration;
			buildSettings = {
				ALWAYS_SEARCH_USER_PATHS = NO;
				CLANG_ANALYZER_NONNULL = YES;
				CLANG_CXX_LANGUAGE_STANDARD = "gnu++20";
				CLANG_CXX_LIBRARY = "libc++";
				CLANG_ENABLE_MODULES = YES;
				CLANG_ENABLE_OBJC_ARC = YES;
				COPY_PHASE_STRIP = NO;
				DEBUG_INFORMATION_FORMAT = "dwarf-with-dsym";
				ENABLE_NS_ASSERTIONS = NO;
				ENABLE_STRICT_OBJC_MSGSEND = YES;
				GCC_NO_COMMON_BLOCKS = YES;
				GCC_PREPROCESSOR_DEFINITIONS = (
					"ARIA_ABI_STATIC=1",
					"ARIA_BINDING_STATIC=1",
					"ARIA_BINDING_BUILD=1",
					"ARIA_RUNTIME_STATIC=1",
					"$(inherited)",
				);
				GCC_WARN_64_TO_32_BIT_CONVERSION = YES;
				GCC_WARN_ABOUT_RETURN_TYPE = YES_ERROR;
				GCC_WARN_UNDECLARED_SELECTOR = YES;
				GCC_WARN_UNINITIALIZED_AUTOS = YES_AGGRESSIVE;
				GCC_WARN_UNUSED_FUNCTION = YES;
				GCC_WARN_UNUSED_VARIABLE = YES;
				HEADER_SEARCH_PATHS = (
					"$(inherited)",
					"$(SRCROOT)/ios-oc-mvvm/App",
					"$(SRCROOT)/ios-oc-mvvm/Adapter",
					"$(SRCROOT)/../../modules/adapters/uikit/include/aria/adapters/uikit",
					"$(SRCROOT)/ios-oc-mvvm/Business/Root/Views",
					"$(SRCROOT)/ios-oc-mvvm/Business/Root/ViewModels",
					"$(SRCROOT)/ios-oc-mvvm/Business/Root/Models",
					"$(SRCROOT)/ios-oc-mvvm/Business/Playground/Views",
					"$(SRCROOT)/../../modules/core/include",
					"$(SRCROOT)/../../modules/abi/include",
					"$(SRCROOT)/../../modules/binding/include",
					"$(SRCROOT)/../../modules/runtime/include",
					"$(SRCROOT)/../../modules/async/include",
				);
				IPHONEOS_DEPLOYMENT_TARGET = 16.0;
				MTL_ENABLE_DEBUG_INFO = NO;
				MTL_FAST_MATH = YES;
				SDKROOT = iphoneos;
				SUPPORTED_PLATFORMS = "iphoneos iphonesimulator";
				TARGETED_DEVICE_FAMILY = "1,2";
			};
			name = Release;
		};
		FF000005 /* Debug */ = {
			isa = XCBuildConfiguration;
			buildSettings = {
				ASSETCATALOG_COMPILER_APPICON_NAME = AppIcon;
				CODE_SIGN_STYLE = Automatic;
				HEADER_SEARCH_PATHS = (
					"$(inherited)",
					"$(SRCROOT)/ios-oc-mvvm/ThirdParty/Masonry",
				);
				INFOPLIST_FILE = "ios-oc-mvvm/ios-oc-mvvm-Info.plist";
				INFOPLIST_KEY_UIApplicationSupportsIndirectInputEvents = YES;
				INFOPLIST_KEY_UISupportedInterfaceOrientations_iPad = "UIInterfaceOrientationPortrait UIInterfaceOrientationPortraitUpsideDown UIInterfaceOrientationLandscapeLeft UIInterfaceOrientationLandscapeRight";
				INFOPLIST_KEY_UISupportedInterfaceOrientations_iPhone = UIInterfaceOrientationPortrait;
				LD_RUNPATH_SEARCH_PATHS = (
					"$(inherited)",
					"@executable_path/Frameworks",
				);
				OTHER_LDFLAGS = (
					"-framework",
					UIKit,
					"-framework",
					Foundation,
					"-framework",
					CoreGraphics,
				);
				PRODUCT_BUNDLE_IDENTIFIER = "com.example.ios-oc-mvvm";
				PRODUCT_NAME = "$(TARGET_NAME)";
			};
			name = Debug;
		};
		FF000006 /* Release */ = {
			isa = XCBuildConfiguration;
			buildSettings = {
				ASSETCATALOG_COMPILER_APPICON_NAME = AppIcon;
				CODE_SIGN_STYLE = Automatic;
				HEADER_SEARCH_PATHS = (
					"$(inherited)",
					"$(SRCROOT)/ios-oc-mvvm/ThirdParty/Masonry",
				);
				INFOPLIST_FILE = "ios-oc-mvvm/ios-oc-mvvm-Info.plist";
				INFOPLIST_KEY_UIApplicationSupportsIndirectInputEvents = YES;
				INFOPLIST_KEY_UISupportedInterfaceOrientations_iPad = "UIInterfaceOrientationPortrait UIInterfaceOrientationPortraitUpsideDown UIInterfaceOrientationLandscapeLeft UIInterfaceOrientationLandscapeRight";
				INFOPLIST_KEY_UISupportedInterfaceOrientations_iPhone = UIInterfaceOrientationPortrait;
				LD_RUNPATH_SEARCH_PATHS = (
					"$(inherited)",
					"@executable_path/Frameworks",
				);
				OTHER_LDFLAGS = (
					"-framework",
					UIKit,
					"-framework",
					Foundation,
					"-framework",
					CoreGraphics,
				);
				PRODUCT_BUNDLE_IDENTIFIER = "com.example.ios-oc-mvvm";
				PRODUCT_NAME = "$(TARGET_NAME)";
			};
			name = Release;
		};
/* End XCBuildConfiguration section */

/* Begin XCConfigurationList section */
		FF000002 /* Build configuration list for PBXProject "ios-oc-mvvm" */ = {
			isa = XCConfigurationList;
			buildConfigurations = (
				FF000001 /* Debug */,
				FF000004 /* Release */,
			);
			defaultConfigurationIsVisible = 0;
			defaultConfigurationName = Release;
		};
		FF000003 /* Build configuration list for PBXNativeTarget "ios-oc-mvvm" */ = {
			isa = XCConfigurationList;
			buildConfigurations = (
				FF000005 /* Debug */,
				FF000006 /* Release */,
			);
			defaultConfigurationIsVisible = 0;
			defaultConfigurationName = Release;
		};
/* End XCConfigurationList section */
	};
	rootObject = EE000000 /* Project object */;
}
